
Microsoft Visual Studio Solution File, Format Version 12.00
# Visual Studio Version 16
VisualStudioVersion = 16.0.30011.22
MinimumVisualStudioVersion = 10.0.40219.1
Project("{FAE04EC0-301F-11D3-BF4B-00C04F79EFBC}") = "SiloSappiamoSimulare", "SiloSappiamoSimulare\SiloSappiamoSimulare.csproj", "{94142BC3-D28A-4E6F-8AC8-BFDDE26E5DF0}"
EndProject
Global
	GlobalSection(SolutionConfigurationPlatforms) = preSolution
		Debug|Any CPU = Debug|Any CPU
		Release|Any CPU = Release|Any CPU
	EndGlobalSection
	GlobalSection(ProjectConfigurationPlatforms) = postSolution
		{94142BC3-D28A-4E6F-8AC8-BFDDE26E5DF0}.Debug|Any CPU.ActiveCfg = Debug|Any CPU
		{94142BC3-D28A-4E6F-8AC8-BFDDE26E5DF0}.Debug|Any CPU.Build.0 = Debug|Any CPU
		{94142BC3-D28A-4E6F-8AC8-BFDDE26E5DF0}.Release|Any CPU.ActiveCfg = Release|Any CPU
		{94142BC3-D28A-4E6F-8AC8-BFDDE26E5DF0}.Release|Any CPU.Build.0 = Release|Any CPU
	EndGlobalSection
	GlobalSection(SolutionProperties) = preSolution
		HideSolutionNode = FALSE
	EndGlobalSection
	GlobalSection(ExtensibilityGlobals) = postSolution
		SolutionGuid = {B36DF905-B510-4808-A292-BA6CF5C75FEB}
	EndGlobalSection
EndGlobal
